
Microsoft Visual Studio Solution File, Format Version 12.00
# Visual Studio Version 16
VisualStudioVersion = 16.0.30011.22
MinimumVisualStudioVersion = 10.0.40219.1
Project("{FAE04EC0-301F-11D3-BF4B-00C04F79EFBC}") = "LABORATORIO", "LABORATORIO.csproj", "{16D50FC8-1F73-479E-B720-4655ADC8F465}"
EndProject
Global
	GlobalSection(SolutionConfigurationPlatforms) = preSolution
		Debug|Any CPU = Debug|Any CPU
		Release|Any CPU = Release|Any CPU
	EndGlobalSection
	GlobalSection(ProjectConfigurationPlatforms) = postSolution
		{16D50FC8-1F73-479E-B720-4655ADC8F465}.Debug|Any CPU.ActiveCfg = Debug|Any CPU
		{16D50FC8-1F73-479E-B720-4655ADC8F465}.Debug|Any CPU.Build.0 = Debug|Any CPU
		{16D50FC8-1F73-479E-B720-4655ADC8F465}.Release|Any CPU.ActiveCfg = Release|Any CPU
		{16D50FC8-1F73-479E-B720-4655ADC8F465}.Release|Any CPU.Build.0 = Release|Any CPU
	EndGlobalSection
	GlobalSection(SolutionProperties) = preSolution
		HideSolutionNode = FALSE
	EndGlobalSection
	GlobalSection(ExtensibilityGlobals) = postSolution
		SolutionGuid = {70B8A8FD-23C9-4842-AD33-F024E8A6D49A}
	EndGlobalSection
EndGlobal
